uuid: c9db433c-afdf-465b-b853-18ba2a83e8bc
langcode: en
status: true
dependencies:
  config:
    - core.entity_view_mode.node.title_block
    - field.field.node.service.body
    - node.type.service
  module:
    - text
    - user
id: node.service.title_block
targetEntityType: node
bundle: service
mode: title_block
content:
  body:
    label: hidden
    type: text_default
    weight: 101
    settings: {  }
    third_party_settings: {  }
    region: content
  links:
    weight: 100
    settings: {  }
    third_party_settings: {  }
    region: content
hidden: {  }
